
Microsoft Visual Studio Solution File, Format Version 12.00
# Visual Studio Version 17
VisualStudioVersion = 17.7.34221.43
MinimumVisualStudioVersion = 10.0.40219.1
Project("{FAE04EC0-301F-11D3-BF4B-00C04F79EFBC}") = "Server", "Server\Server.csproj", "{3E1DA3C0-23FC-4FC8-8C9E-211D7DB19551}"
EndProject
Project("{FAE04EC0-301F-11D3-BF4B-00C04F79EFBC}") = "Client", "Client\Client.csproj", "{0B9213FC-38E0-437D-ABCD-BD0B201C51E5}"
EndProject
Project("{FAE04EC0-301F-11D3-BF4B-00C04F79EFBC}") = "BaseLibrary", "BaseLibrary\BaseLibrary.csproj", "{05F426E9-EFAF-4F95-863C-83ECBFE07CAF}"
EndProject
Project("{FAE04EC0-301F-11D3-BF4B-00C04F79EFBC}") = "ClientLibrary", "ClientLibrary\ClientLibrary.csproj", "{9C7391AE-7846-49ED-B1C4-9A1ADDC77341}"
EndProject
Project("{FAE04EC0-301F-11D3-BF4B-00C04F79EFBC}") = "ServerLibrary", "ServerLibrary\ServerLibrary.csproj", "{1F649437-CD5D-4E27-9FA8-B39236A04C4D}"
EndProject
Global
	GlobalSection(SolutionConfigurationPlatforms) = preSolution
		Debug|Any CPU = Debug|Any CPU
		Release|Any CPU = Release|Any CPU
	EndGlobalSection
	GlobalSection(ProjectConfigurationPlatforms) = postSolution
		{3E1DA3C0-23FC-4FC8-8C9E-211D7DB19551}.Debug|Any CPU.ActiveCfg = Debug|Any CPU
		{3E1DA3C0-23FC-4FC8-8C9E-211D7DB19551}.Debug|Any CPU.Build.0 = Debug|Any CPU
		{3E1DA3C0-23FC-4FC8-8C9E-211D7DB19551}.Release|Any CPU.ActiveCfg = Release|Any CPU
		{3E1DA3C0-23FC-4FC8-8C9E-211D7DB19551}.Release|Any CPU.Build.0 = Release|Any CPU
		{0B9213FC-38E0-437D-ABCD-BD0B201C51E5}.Debug|Any CPU.ActiveCfg = Debug|Any CPU
		{0B9213FC-38E0-437D-ABCD-BD0B201C51E5}.Debug|Any CPU.Build.0 = Debug|Any CPU
		{0B9213FC-38E0-437D-ABCD-BD0B201C51E5}.Release|Any CPU.ActiveCfg = Release|Any CPU
		{0B9213FC-38E0-437D-ABCD-BD0B201C51E5}.Release|Any CPU.Build.0 = Release|Any CPU
		{05F426E9-EFAF-4F95-863C-83ECBFE07CAF}.Debug|Any CPU.ActiveCfg = Debug|Any CPU
		{05F426E9-EFAF-4F95-863C-83ECBFE07CAF}.Debug|Any CPU.Build.0 = Debug|Any CPU
		{05F426E9-EFAF-4F95-863C-83ECBFE07CAF}.Release|Any CPU.ActiveCfg = Release|Any CPU
		{05F426E9-EFAF-4F95-863C-83ECBFE07CAF}.Release|Any CPU.Build.0 = Release|Any CPU
		{9C7391AE-7846-49ED-B1C4-9A1ADDC77341}.Debug|Any CPU.ActiveCfg = Debug|Any CPU
		{9C7391AE-7846-49ED-B1C4-9A1ADDC77341}.Debug|Any CPU.Build.0 = Debug|Any CPU
		{9C7391AE-7846-49ED-B1C4-9A1ADDC77341}.Release|Any CPU.ActiveCfg = Release|Any CPU
		{9C7391AE-7846-49ED-B1C4-9A1ADDC77341}.Release|Any CPU.Build.0 = Release|Any CPU
		{1F649437-CD5D-4E27-9FA8-B39236A04C4D}.Debug|Any CPU.ActiveCfg = Debug|Any CPU
		{1F649437-CD5D-4E27-9FA8-B39236A04C4D}.Debug|Any CPU.Build.0 = Debug|Any CPU
		{1F649437-CD5D-4E27-9FA8-B39236A04C4D}.Release|Any CPU.ActiveCfg = Release|Any CPU
		{1F649437-CD5D-4E27-9FA8-B39236A04C4D}.Release|Any CPU.Build.0 = Release|Any CPU
	EndGlobalSection
	GlobalSection(SolutionProperties) = preSolution
		HideSolutionNode = FALSE
	EndGlobalSection
	GlobalSection(ExtensibilityGlobals) = postSolution
		SolutionGuid = {936BC013-7887-4E64-A619-6505FFA68354}
	EndGlobalSection
EndGlobal
